
Microsoft Visual Studio Solution File, Format Version 12.00
Global
	GlobalSection(SolutionConfigurationPlatforms) = preSolution
		Debug|Any CPU = Debug|Any CPU
		Release|Any CPU = Release|Any CPU
	EndGlobalSection
	GlobalSection(ProjectConfigurationPlatforms) = postSolution
		{D14953B9-C250-473F-99F4-D998126701F2}.Debug|Any CPU.ActiveCfg = Debug|Any CPU
		{D14953B9-C250-473F-99F4-D998126701F2}.Debug|Any CPU.Build.0 = Debug|Any CPU
		{D14953B9-C250-473F-99F4-D998126701F2}.Release|Any CPU.ActiveCfg = Release|Any CPU
		{D14953B9-C250-473F-99F4-D998126701F2}.Release|Any CPU.Build.0 = Release|Any CPU
		{7393F870-2F02-4079-A41A-C626BDF2CEDA}.Debug|Any CPU.ActiveCfg = Debug|Any CPU
		{7393F870-2F02-4079-A41A-C626BDF2CEDA}.Debug|Any CPU.Build.0 = Debug|Any CPU
		{7393F870-2F02-4079-A41A-C626BDF2CEDA}.Release|Any CPU.ActiveCfg = Release|Any CPU
		{7393F870-2F02-4079-A41A-C626BDF2CEDA}.Release|Any CPU.Build.0 = Release|Any CPU
	EndGlobalSection
	GlobalSection(NestedProjects) = preSolution
		{D14953B9-C250-473F-99F4-D998126701F2} = {2B30662C-6891-411E-A3F8-A9BC98B322CC}
		{7393F870-2F02-4079-A41A-C626BDF2CEDA} = {2B30662C-6891-411E-A3F8-A9BC98B322CC}
	EndGlobalSection
EndGlobal
