
Microsoft Visual Studio Solution File, Format Version 12.00
Project("{FAE04EC0-301F-11D3-BF4B-00C04F79EFBC}") = "Dag05.HelloWorld", "Dag05.HelloWorld\Dag05.HelloWorld.csproj", "{D1E8BE62-772B-4433-BCB2-57D7172BE971}"
EndProject
Project("{FAE04EC0-301F-11D3-BF4B-00C04F79EFBC}") = "TestProject1", "TestProject1\TestProject1.csproj", "{5886ED4E-C773-48DC-BED0-F556691FE718}"
EndProject
Global
	GlobalSection(SolutionConfigurationPlatforms) = preSolution
		Debug|Any CPU = Debug|Any CPU
		Release|Any CPU = Release|Any CPU
	EndGlobalSection
	GlobalSection(ProjectConfigurationPlatforms) = postSolution
		{D1E8BE62-772B-4433-BCB2-57D7172BE971}.Debug|Any CPU.ActiveCfg = Debug|Any CPU
		{D1E8BE62-772B-4433-BCB2-57D7172BE971}.Debug|Any CPU.Build.0 = Debug|Any CPU
		{D1E8BE62-772B-4433-BCB2-57D7172BE971}.Release|Any CPU.ActiveCfg = Release|Any CPU
		{D1E8BE62-772B-4433-BCB2-57D7172BE971}.Release|Any CPU.Build.0 = Release|Any CPU
		{5886ED4E-C773-48DC-BED0-F556691FE718}.Debug|Any CPU.ActiveCfg = Debug|Any CPU
		{5886ED4E-C773-48DC-BED0-F556691FE718}.Debug|Any CPU.Build.0 = Debug|Any CPU
		{5886ED4E-C773-48DC-BED0-F556691FE718}.Release|Any CPU.ActiveCfg = Release|Any CPU
		{5886ED4E-C773-48DC-BED0-F556691FE718}.Release|Any CPU.Build.0 = Release|Any CPU
	EndGlobalSection
EndGlobal
