
Microsoft Visual Studio Solution File, Format Version 12.00
Project("{FAE04EC0-301F-11D3-BF4B-00C04F79EFBC}") = "BlauwePiste.Test", "BlauwePiste.Test\BlauwePiste.Test.csproj", "{14F9F060-1FC4-4648-9A63-36502135006A}"
EndProject
Project("{FAE04EC0-301F-11D3-BF4B-00C04F79EFBC}") = "BlauwePiste", "BlauwePiste\BlauwePiste.csproj", "{BCEE3077-879B-46D1-A505-0CA0B26B7F38}"
EndProject
Project("{FAE04EC0-301F-11D3-BF4B-00C04F79EFBC}") = "BlauwePiste.Spec", "BlauwePiste.Spec\BlauwePiste.Spec.csproj", "{00C31FC4-AA44-48AA-8FD9-CD828049266A}"
EndProject
Global
	GlobalSection(SolutionConfigurationPlatforms) = preSolution
		Debug|Any CPU = Debug|Any CPU
		Release|Any CPU = Release|Any CPU
	EndGlobalSection
	GlobalSection(ProjectConfigurationPlatforms) = postSolution
		{BCEE3077-879B-46D1-A505-0CA0B26B7F38}.Debug|Any CPU.ActiveCfg = Debug|Any CPU
		{BCEE3077-879B-46D1-A505-0CA0B26B7F38}.Debug|Any CPU.Build.0 = Debug|Any CPU
		{BCEE3077-879B-46D1-A505-0CA0B26B7F38}.Release|Any CPU.ActiveCfg = Release|Any CPU
		{BCEE3077-879B-46D1-A505-0CA0B26B7F38}.Release|Any CPU.Build.0 = Release|Any CPU
		{14F9F060-1FC4-4648-9A63-36502135006A}.Debug|Any CPU.ActiveCfg = Debug|Any CPU
		{14F9F060-1FC4-4648-9A63-36502135006A}.Debug|Any CPU.Build.0 = Debug|Any CPU
		{14F9F060-1FC4-4648-9A63-36502135006A}.Release|Any CPU.ActiveCfg = Release|Any CPU
		{14F9F060-1FC4-4648-9A63-36502135006A}.Release|Any CPU.Build.0 = Release|Any CPU
		{00C31FC4-AA44-48AA-8FD9-CD828049266A}.Debug|Any CPU.ActiveCfg = Debug|Any CPU
		{00C31FC4-AA44-48AA-8FD9-CD828049266A}.Debug|Any CPU.Build.0 = Debug|Any CPU
		{00C31FC4-AA44-48AA-8FD9-CD828049266A}.Release|Any CPU.ActiveCfg = Release|Any CPU
		{00C31FC4-AA44-48AA-8FD9-CD828049266A}.Release|Any CPU.Build.0 = Release|Any CPU
	EndGlobalSection
EndGlobal
