
Microsoft Visual Studio Solution File, Format Version 12.00
Project("{FAE04EC0-301F-11D3-BF4B-00C04F79EFBC}") = "ProductRepo", "ProductRepo\ProductRepo.csproj", "{C5464FD5-9AC1-4790-AEFC-1E539BCCC0DB}"
EndProject
Project("{FAE04EC0-301F-11D3-BF4B-00C04F79EFBC}") = "productRepo.Test", "productRepo.Test\productRepo.Test.csproj", "{CA5B26E7-537C-44BB-BAC1-321E21C1AED4}"
EndProject
Global
	GlobalSection(SolutionConfigurationPlatforms) = preSolution
		Debug|Any CPU = Debug|Any CPU
		Release|Any CPU = Release|Any CPU
	EndGlobalSection
	GlobalSection(ProjectConfigurationPlatforms) = postSolution
		{C5464FD5-9AC1-4790-AEFC-1E539BCCC0DB}.Debug|Any CPU.ActiveCfg = Debug|Any CPU
		{C5464FD5-9AC1-4790-AEFC-1E539BCCC0DB}.Debug|Any CPU.Build.0 = Debug|Any CPU
		{C5464FD5-9AC1-4790-AEFC-1E539BCCC0DB}.Release|Any CPU.ActiveCfg = Release|Any CPU
		{C5464FD5-9AC1-4790-AEFC-1E539BCCC0DB}.Release|Any CPU.Build.0 = Release|Any CPU
		{CA5B26E7-537C-44BB-BAC1-321E21C1AED4}.Debug|Any CPU.ActiveCfg = Debug|Any CPU
		{CA5B26E7-537C-44BB-BAC1-321E21C1AED4}.Debug|Any CPU.Build.0 = Debug|Any CPU
		{CA5B26E7-537C-44BB-BAC1-321E21C1AED4}.Release|Any CPU.ActiveCfg = Release|Any CPU
		{CA5B26E7-537C-44BB-BAC1-321E21C1AED4}.Release|Any CPU.Build.0 = Release|Any CPU
	EndGlobalSection
EndGlobal
